// !$*UTF8*$!
{
	archiveVersion = 1;
	classes = {
	};
	objectVersion = 50;
	objects = {

/* Begin PBXBuildFile section */
		6683FE98207B8F3A00717F75 /* AppDelegate.swift in Sources */ = {isa = PBXBuildFile; fileRef = 6683FE97207B8F3A00717F75 /* AppDelegate.swift */; };
		6683FE9A207B8F3A00717F75 /* ViewController.swift in Sources */ = {isa = PBXBuildFile; fileRef = 6683FE99207B8F3A00717F75 /* ViewController.swift */; };
		6683FE9D207B8F3A00717F75 /* Main.storyboard in Resources */ = {isa = PBXBuildFile; fileRef = 6683FE9B207B8F3A00717F75 /* Main.storyboard */; };
		6683FE9F207B8F3B00717F75 /* Assets.xcassets in Resources */ = {isa = PBXBuildFile; fileRef = 6683FE9E207B8F3B00717F75 /* Assets.xcassets */; };
		6683FEA2207B8F3B00717F75 /* LaunchScreen.storyboard in Resources */ = {isa = PBXBuildFile; fileRef = 6683FEA0207B8F3B00717F75 /* LaunchScreen.storyboard */; };
		6683FEAD207B8F3B00717F75 /* MusicTests.swift in Sources */ = {isa = PBXBuildFile; fileRef = 6683FEAC207B8F3B00717F75 /* MusicTests.swift */; };
		6683FEB8207B8F3B00717F75 /* MusicUITests.swift in Sources */ = {isa = PBXBuildFile; fileRef = 6683FEB7207B8F3B00717F75 /* MusicUITests.swift */; };
		6683FECC207B8F4700717F75 /* aki.png in Resources */ = {isa = PBXBuildFile; fileRef = 6683FEC6207B8F4700717F75 /* aki.png */; };
		6683FECD207B8F4700717F75 /* natsu.mp3 in Resources */ = {isa = PBXBuildFile; fileRef = 6683FEC7207B8F4700717F75 /* natsu.mp3 */; };
		6683FECE207B8F4700717F75 /* ame.mp3 in Resources */ = {isa = PBXBuildFile; fileRef = 6683FEC8207B8F4700717F75 /* ame.mp3 */; };
		6683FECF207B8F4700717F75 /* natsu.png in Resources */ = {isa = PBXBuildFile; fileRef = 6683FEC9207B8F4700717F75 /* natsu.png */; };
		6683FED0207B8F4700717F75 /* ame.png in Resources */ = {isa = PBXBuildFile; fileRef = 6683FECA207B8F4700717F75 /* ame.png */; };
		6683FED1207B8F4700717F75 /* aki.mp3 in Resources */ = {isa = PBXBuildFile; fileRef = 6683FECB207B8F4700717F75 /* aki.mp3 */; };
/* End PBXBuildFile section */

/* Begin PBXContainerItemProxy section */
		6683FEA9207B8F3B00717F75 /* PBXContainerItemProxy */ = {
			isa = PBXContainerItemProxy;
			containerPortal = 6683FE8C207B8F3A00717F75 /* Project object */;
			proxyType = 1;
			remoteGlobalIDString = 6683FE93207B8F3A00717F75;
			remoteInfo = Music;
		};
		6683FEB4207B8F3B00717F75 /* PBXContainerItemProxy */ = {
			isa = PBXContainerItemProxy;
			containerPortal = 6683FE8C207B8F3A00717F75 /* Project object */;
			proxyType = 1;
			remoteGlobalIDString = 6683FE93207B8F3A00717F75;
			remoteInfo = Music;
		};
/* End PBXContainerItemProxy section */

/* Begin PBXFileReference section */
		6683FE94207B8F3A00717F75 /* Music.app */ = {isa = PBXFileReference; explicitFileType = wrapper.application; includeInIndex = 0; path = Music.app; sourceTree = BUILT_PRODUCTS_DIR; };
		6683FE97207B8F3A00717F75 /* AppDelegate.swift */ = {isa = PBXFileReference; lastKnownFileType = sourcecode.swift; path = AppDelegate.swift; sourceTree = "<group>"; };
		6683FE99207B8F3A00717F75 /* ViewController.swift */ = {isa = PBXFileReference; lastKnownFileType = sourcecode.swift; path = ViewController.swift; sourceTree = "<group>"; };
		6683FE9C207B8F3A00717F75 /* Base */ = {isa = PBXFileReference; lastKnownFileType = file.storyboard; name = Base; path = Base.lproj/Main.storyboard; sourceTree = "<group>"; };
		6683FE9E207B8F3B00717F75 /* Assets.xcassets */ = {isa = PBXFileReference; lastKnownFileType = folder.assetcatalog; path = Assets.xcassets; sourceTree = "<group>"; };
		6683FEA1207B8F3B00717F75 /* Base */ = {isa = PBXFileReference; lastKnownFileType = file.storyboard; name = Base; path = Base.lproj/LaunchScreen.storyboard; sourceTree = "<group>"; };
		6683FEA3207B8F3B00717F75 /* Info.plist */ = {isa = PBXFileReference; lastKnownFileType = text.plist.xml; path = Info.plist; sourceTree = "<group>"; };
		6683FEA8207B8F3B00717F75 /* MusicTests.xctest */ = {isa = PBXFileReference; explicitFileType = wrapper.cfbundle; includeInIndex = 0; path = MusicTests.xctest; sourceTree = BUILT_PRODUCTS_DIR; };
		6683FEAC207B8F3B00717F75 /* MusicTests.swift */ = {isa = PBXFileReference; lastKnownFileType = sourcecode.swift; path = MusicTests.swift; sourceTree = "<group>"; };
		6683FEAE207B8F3B00717F75 /* Info.plist */ = {isa = PBXFileReference; lastKnownFileType = text.plist.xml; path = Info.plist; sourceTree = "<group>"; };
		6683FEB3207B8F3B00717F75 /* MusicUITests.xctest */ = {isa = PBXFileReference; explicitFileType = wrapper.cfbundle; includeInIndex = 0; path = MusicUITests.xctest; sourceTree = BUILT_PRODUCTS_DIR; };
		6683FEB7207B8F3B00717F75 /* MusicUITests.swift */ = {isa = PBXFileReference; lastKnownFileType = sourcecode.swift; path = MusicUITests.swift; sourceTree = "<group>"; };
		6683FEB9207B8F3B00717F75 /* Info.plist */ = {isa = PBXFileReference; lastKnownFileType = text.plist.xml; path = Info.plist; sourceTree = "<group>"; };
		6683FEC6207B8F4700717F75 /* aki.png */ = {isa = PBXFileReference; lastKnownFileType = image.png; path = aki.png; sourceTree = "<group>"; };
		6683FEC7207B8F4700717F75 /* natsu.mp3 */ = {isa = PBXFileReference; lastKnownFileType = audio.mp3; path = natsu.mp3; sourceTree = "<group>"; };
		6683FEC8207B8F4700717F75 /* ame.mp3 */ = {isa = PBXFileReference; lastKnownFileType = audio.mp3; path = ame.mp3; sourceTree = "<group>"; };
		6683FEC9207B8F4700717F75 /* natsu.png */ = {isa = PBXFileReference; lastKnownFileType = image.png; path = natsu.png; sourceTree = "<group>"; };
		6683FECA207B8F4700717F75 /* ame.png */ = {isa = PBXFileReference; lastKnownFileType = image.png; path = ame.png; sourceTree = "<group>"; };
		6683FECB207B8F4700717F75 /* aki.mp3 */ = {isa = PBXFileReference; lastKnownFileType = audio.mp3; path = aki.mp3; sourceTree = "<group>"; };
/* End PBXFileReference section */

/* Begin PBXFrameworksBuildPhase section */
		6683FE91207B8F3A00717F75 /* Frameworks */ = {
			isa = PBXFrameworksBuildPhase;
			buildActionMask = 2147483647;
			files = (
			);
			runOnlyForDeploymentPostprocessing = 0;
		};
		6683FEA5207B8F3B00717F75 /* Frameworks */ = {
			isa = PBXFrameworksBuildPhase;
			buildActionMask = 2147483647;
			files = (
			);
			runOnlyForDeploymentPostprocessing = 0;
		};
		6683FEB0207B8F3B00717F75 /* Frameworks */ = {
			isa = PBXFrameworksBuildPhase;
			buildActionMask = 2147483647;
			files = (
			);
			runOnlyForDeploymentPostprocessing = 0;
		};
/* End PBXFrameworksBuildPhase section */

/* Begin PBXGroup section */
		6683FE8B207B8F3A00717F75 = {
			isa = PBXGroup;
			children = (
				6683FE96207B8F3A00717F75 /* Music */,
				6683FEAB207B8F3B00717F75 /* MusicTests */,
				6683FEB6207B8F3B00717F75 /* MusicUITests */,
				6683FE95207B8F3A00717F75 /* Products */,
			);
			sourceTree = "<group>";
		};
		6683FE95207B8F3A00717F75 /* Products */ = {
			isa = PBXGroup;
			children = (
				6683FE94207B8F3A00717F75 /* Music.app */,
				6683FEA8207B8F3B00717F75 /* MusicTests.xctest */,
				6683FEB3207B8F3B00717F75 /* MusicUITests.xctest */,
			);
			name = Products;
			sourceTree = "<group>";
		};
		6683FE96207B8F3A00717F75 /* Music */ = {
			isa = PBXGroup;
			children = (
				6683FEC5207B8F4700717F75 /* Music素材 */,
				6683FE97207B8F3A00717F75 /* AppDelegate.swift */,
				6683FE99207B8F3A00717F75 /* ViewController.swift */,
				6683FE9B207B8F3A00717F75 /* Main.storyboard */,
				6683FE9E207B8F3B00717F75 /* Assets.xcassets */,
				6683FEA0207B8F3B00717F75 /* LaunchScreen.storyboard */,
				6683FEA3207B8F3B00717F75 /* Info.plist */,
			);
			path = Music;
			sourceTree = "<group>";
		};
		6683FEAB207B8F3B00717F75 /* MusicTests */ = {
			isa = PBXGroup;
			children = (
				6683FEAC207B8F3B00717F75 /* MusicTests.swift */,
				6683FEAE207B8F3B00717F75 /* Info.plist */,
			);
			path = MusicTests;
			sourceTree = "<group>";
		};
		6683FEB6207B8F3B00717F75 /* MusicUITests */ = {
			isa = PBXGroup;
			children = (
				6683FEB7207B8F3B00717F75 /* MusicUITests.swift */,
				6683FEB9207B8F3B00717F75 /* Info.plist */,
			);
			path = MusicUITests;
			sourceTree = "<group>";
		};
		6683FEC5207B8F4700717F75 /* Music素材 */ = {
			isa = PBXGroup;
			children = (
				6683FEC6207B8F4700717F75 /* aki.png */,
				6683FEC7207B8F4700717F75 /* natsu.mp3 */,
				6683FEC8207B8F4700717F75 /* ame.mp3 */,
				6683FEC9207B8F4700717F75 /* natsu.png */,
				6683FECA207B8F4700717F75 /* ame.png */,
				6683FECB207B8F4700717F75 /* aki.mp3 */,
			);
			path = "Music素材";
			sourceTree = "<group>";
		};
/* End PBXGroup section */

/* Begin PBXNativeTarget section */
		6683FE93207B8F3A00717F75 /* Music */ = {
			isa = PBXNativeTarget;
			buildConfigurationList = 6683FEBC207B8F3B00717F75 /* Build configuration list for PBXNativeTarget "Music" */;
			buildPhases = (
				6683FE90207B8F3A00717F75 /* Sources */,
				6683FE91207B8F3A00717F75 /* Frameworks */,
				6683FE92207B8F3A00717F75 /* Resources */,
			);
			buildRules = (
			);
			dependencies = (
			);
			name = Music;
			productName = Music;
			productReference = 6683FE94207B8F3A00717F75 /* Music.app */;
			productType = "com.apple.product-type.application";
		};
		6683FEA7207B8F3B00717F75 /* MusicTests */ = {
			isa = PBXNativeTarget;
			buildConfigurationList = 6683FEBF207B8F3B00717F75 /* Build configuration list for PBXNativeTarget "MusicTests" */;
			buildPhases = (
				6683FEA4207B8F3B00717F75 /* Sources */,
				6683FEA5207B8F3B00717F75 /* Frameworks */,
				6683FEA6207B8F3B00717F75 /* Resources */,
			);
			buildRules = (
			);
			dependencies = (
				6683FEAA207B8F3B00717F75 /* PBXTargetDependency */,
			);
			name = MusicTests;
			productName = MusicTests;
			productReference = 6683FEA8207B8F3B00717F75 /* MusicTests.xctest */;
			productType = "com.apple.product-type.bundle.unit-test";
		};
		6683FEB2207B8F3B00717F75 /* MusicUITests */ = {
			isa = PBXNativeTarget;
			buildConfigurationList = 6683FEC2207B8F3B00717F75 /* Build configuration list for PBXNativeTarget "MusicUITests" */;
			buildPhases = (
				6683FEAF207B8F3B00717F75 /* Sources */,
				6683FEB0207B8F3B00717F75 /* Frameworks */,
				6683FEB1207B8F3B00717F75 /* Resources */,
			);
			buildRules = (
			);
			dependencies = (
				6683FEB5207B8F3B00717F75 /* PBXTargetDependency */,
			);
			name = MusicUITests;
			productName = MusicUITests;
			productReference = 6683FEB3207B8F3B00717F75 /* MusicUITests.xctest */;
			productType = "com.apple.product-type.bundle.ui-testing";
		};
/* End PBXNativeTarget section */

/* Begin PBXProject section */
		6683FE8C207B8F3A00717F75 /* Project object */ = {
			isa = PBXProject;
			attributes = {
				LastSwiftUpdateCheck = 0930;
				LastUpgradeCheck = 0930;
				ORGANIZATIONNAME = "Life is tech";
				TargetAttributes = {
					6683FE93207B8F3A00717F75 = {
						CreatedOnToolsVersion = 9.3;
					};
					6683FEA7207B8F3B00717F75 = {
						CreatedOnToolsVersion = 9.3;
						TestTargetID = 6683FE93207B8F3A00717F75;
					};
					6683FEB2207B8F3B00717F75 = {
						CreatedOnToolsVersion = 9.3;
						TestTargetID = 6683FE93207B8F3A00717F75;
					};
				};
			};
			buildConfigurationList = 6683FE8F207B8F3A00717F75 /* Build configuration list for PBXProject "Music" */;
			compatibilityVersion = "Xcode 9.3";
			developmentRegion = en;
			hasScannedForEncodings = 0;
			knownRegions = (
				en,
				Base,
			);
			mainGroup = 6683FE8B207B8F3A00717F75;
			productRefGroup = 6683FE95207B8F3A00717F75 /* Products */;
			projectDirPath = "";
			projectRoot = "";
			targets = (
				6683FE93207B8F3A00717F75 /* Music */,
				6683FEA7207B8F3B00717F75 /* MusicTests */,
				6683FEB2207B8F3B00717F75 /* MusicUITests */,
			);
		};
/* End PBXProject section */

/* Begin PBXResourcesBuildPhase section */
		6683FE92207B8F3A00717F75 /* Resources */ = {
			isa = PBXResourcesBuildPhase;
			buildActionMask = 2147483647;
			files = (
				6683FECE207B8F4700717F75 /* ame.mp3 in Resources */,
				6683FEA2207B8F3B00717F75 /* LaunchScreen.storyboard in Resources */,
				6683FECD207B8F4700717F75 /* natsu.mp3 in Resources */,
				6683FED1207B8F4700717F75 /* aki.mp3 in Resources */,
				6683FE9F207B8F3B00717F75 /* Assets.xcassets in Resources */,
				6683FE9D207B8F3A00717F75 /* Main.storyboard in Resources */,
				6683FED0207B8F4700717F75 /* ame.png in Resources */,
				6683FECF207B8F4700717F75 /* natsu.png in Resources */,
				6683FECC207B8F4700717F75 /* aki.png in Resources */,
			);
			runOnlyForDeploymentPostprocessing = 0;
		};
		6683FEA6207B8F3B00717F75 /* Resources */ = {
			isa = PBXResourcesBuildPhase;
			buildActionMask = 2147483647;
			files = (
			);
			runOnlyForDeploymentPostprocessing = 0;
		};
		6683FEB1207B8F3B00717F75 /* Resources */ = {
			isa = PBXResourcesBuildPhase;
			buildActionMask = 2147483647;
			files = (
			);
			runOnlyForDeploymentPostprocessing = 0;
		};
/* End PBXResourcesBuildPhase section */

/* Begin PBXSourcesBuildPhase section */
		6683FE90207B8F3A00717F75 /* Sources */ = {
			isa = PBXSourcesBuildPhase;
			buildActionMask = 2147483647;
			files = (
				6683FE9A207B8F3A00717F75 /* ViewController.swift in Sources */,
				6683FE98207B8F3A00717F75 /* AppDelegate.swift in Sources */,
			);
			runOnlyForDeploymentPostprocessing = 0;
		};
		6683FEA4207B8F3B00717F75 /* Sources */ = {
			isa = PBXSourcesBuildPhase;
			buildActionMask = 2147483647;
			files = (
				6683FEAD207B8F3B00717F75 /* MusicTests.swift in Sources */,
			);
			runOnlyForDeploymentPostprocessing = 0;
		};
		6683FEAF207B8F3B00717F75 /* Sources */ = {
			isa = PBXSourcesBuildPhase;
			buildActionMask = 2147483647;
			files = (
				6683FEB8207B8F3B00717F75 /* MusicUITests.swift in Sources */,
			);
			runOnlyForDeploymentPostprocessing = 0;
		};
/* End PBXSourcesBuildPhase section */

/* Begin PBXTargetDependency section */
		6683FEAA207B8F3B00717F75 /* PBXTargetDependency */ = {
			isa = PBXTargetDependency;
			target = 6683FE93207B8F3A00717F75 /* Music */;
			targetProxy = 6683FEA9207B8F3B00717F75 /* PBXContainerItemProxy */;
		};
		6683FEB5207B8F3B00717F75 /* PBXTargetDependency */ = {
			isa = PBXTargetDependency;
			target = 6683FE93207B8F3A00717F75 /* Music */;
			targetProxy = 6683FEB4207B8F3B00717F75 /* PBXContainerItemProxy */;
		};
/* End PBXTargetDependency section */

/* Begin PBXVariantGroup section */
		6683FE9B207B8F3A00717F75 /* Main.storyboard */ = {
			isa = PBXVariantGroup;
			children = (
				6683FE9C207B8F3A00717F75 /* Base */,
			);
			name = Main.storyboard;
			sourceTree = "<group>";
		};
		6683FEA0207B8F3B00717F75 /* LaunchScreen.storyboard */ = {
			isa = PBXVariantGroup;
			children = (
				6683FEA1207B8F3B00717F75 /* Base */,
			);
			name = LaunchScreen.storyboard;
			sourceTree = "<group>";
		};
/* End PBXVariantGroup section */

/* Begin XCBuildConfiguration section */
		6683FEBA207B8F3B00717F75 /* Debug */ = {
			isa = XCBuildConfiguration;
			buildSettings = {
				ALWAYS_SEARCH_USER_PATHS = NO;
				CLANG_ANALYZER_NONNULL = YES;
				CLANG_ANALYZER_NUMBER_OBJECT_CONVERSION = YES_AGGRESSIVE;
				CLANG_CXX_LANGUAGE_STANDARD = "gnu++14";
				CLANG_CXX_LIBRARY = "libc++";
				CLANG_ENABLE_MODULES = YES;
				CLANG_ENABLE_OBJC_ARC = YES;
				CLANG_ENABLE_OBJC_WEAK = YES;
				CLANG_WARN_BLOCK_CAPTURE_AUTORELEASING = YES;
				CLANG_WARN_BOOL_CONVERSION = YES;
				CLANG_WARN_COMMA = YES;
				CLANG_WARN_CONSTANT_CONVERSION = YES;
				CLANG_WARN_DEPRECATED_OBJC_IMPLEMENTATIONS = YES;
				CLANG_WARN_DIRECT_OBJC_ISA_USAGE = YES_ERROR;
				CLANG_WARN_DOCUMENTATION_COMMENTS = YES;
				CLANG_WARN_EMPTY_BODY = YES;
				CLANG_WARN_ENUM_CONVERSION = YES;
				CLANG_WARN_INFINITE_RECURSION = YES;
				CLANG_WARN_INT_CONVERSION = YES;
				CLANG_WARN_NON_LITERAL_NULL_CONVERSION = YES;
				CLANG_WARN_OBJC_IMPLICIT_RETAIN_SELF = YES;
				CLANG_WARN_OBJC_LITERAL_CONVERSION = YES;
				CLANG_WARN_OBJC_ROOT_CLASS = YES_ERROR;
				CLANG_WARN_RANGE_LOOP_ANALYSIS = YES;
				CLANG_WARN_STRICT_PROTOTYPES = YES;
				CLANG_WARN_SUSPICIOUS_MOVE = YES;
				CLANG_WARN_UNGUARDED_AVAILABILITY = YES_AGGRESSIVE;
				CLANG_WARN_UNREACHABLE_CODE = YES;
				CLANG_WARN__DUPLICATE_METHOD_MATCH = YES;
				CODE_SIGN_IDENTITY = "iPhone Developer";
				COPY_PHASE_STRIP = NO;
				DEBUG_INFORMATION_FORMAT = dwarf;
				ENABLE_STRICT_OBJC_MSGSEND = YES;
				ENABLE_TESTABILITY = YES;
				GCC_C_LANGUAGE_STANDARD = gnu11;
				GCC_DYNAMIC_NO_PIC = NO;
				GCC_NO_COMMON_BLOCKS = YES;
				GCC_OPTIMIZATION_LEVEL = 0;
				GCC_PREPROCESSOR_DEFINITIONS = (
					"DEBUG=1",
					"$(inherited)",
				);
				GCC_WARN_64_TO_32_BIT_CONVERSION = YES;
				GCC_WARN_ABOUT_RETURN_TYPE = YES_ERROR;
				GCC_WARN_UNDECLARED_SELECTOR = YES;
				GCC_WARN_UNINITIALIZED_AUTOS = YES_AGGRESSIVE;
				GCC_WARN_UNUSED_FUNCTION = YES;
				GCC_WARN_UNUSED_VARIABLE = YES;
				IPHONEOS_DEPLOYMENT_TARGET = 11.3;
				MTL_ENABLE_DEBUG_INFO = YES;
				ONLY_ACTIVE_ARCH = YES;
				SDKROOT = iphoneos;
				SWIFT_ACTIVE_COMPILATION_CONDITIONS = DEBUG;
				SWIFT_OPTIMIZATION_LEVEL = "-Onone";
			};
			name = Debug;
		};
		6683FEBB207B8F3B00717F75 /* Release */ = {
			isa = XCBuildConfiguration;
			buildSettings = {
				ALWAYS_SEARCH_USER_PATHS = NO;
				CLANG_ANALYZER_NONNULL = YES;
				CLANG_ANALYZER_NUMBER_OBJECT_CONVERSION = YES_AGGRESSIVE;
				CLANG_CXX_LANGUAGE_STANDARD = "gnu++14";
				CLANG_CXX_LIBRARY = "libc++";
				CLANG_ENABLE_MODULES = YES;
				CLANG_ENABLE_OBJC_ARC = YES;
				CLANG_ENABLE_OBJC_WEAK = YES;
				CLANG_WARN_BLOCK_CAPTURE_AUTORELEASING = YES;
				CLANG_WARN_BOOL_CONVERSION = YES;
				CLANG_WARN_COMMA = YES;
				CLANG_WARN_CONSTANT_CONVERSION = YES;
				CLANG_WARN_DEPRECATED_OBJC_IMPLEMENTATIONS = YES;
				CLANG_WARN_DIRECT_OBJC_ISA_USAGE = YES_ERROR;
				CLANG_WARN_DOCUMENTATION_COMMENTS = YES;
				CLANG_WARN_EMPTY_BODY = YES;
				CLANG_WARN_ENUM_CONVERSION = YES;
				CLANG_WARN_INFINITE_RECURSION = YES;
				CLANG_WARN_INT_CONVERSION = YES;
				CLANG_WARN_NON_LITERAL_NULL_CONVERSION = YES;
				CLANG_WARN_OBJC_IMPLICIT_RETAIN_SELF = YES;
				CLANG_WARN_OBJC_LITERAL_CONVERSION = YES;
				CLANG_WARN_OBJC_ROOT_CLASS = YES_ERROR;
				CLANG_WARN_RANGE_LOOP_ANALYSIS = YES;
				CLANG_WARN_STRICT_PROTOTYPES = YES;
				CLANG_WARN_SUSPICIOUS_MOVE = YES;
				CLANG_WARN_UNGUARDED_AVAILABILITY = YES_AGGRESSIVE;
				CLANG_WARN_UNREACHABLE_CODE = YES;
				CLANG_WARN__DUPLICATE_METHOD_MATCH = YES;
				CODE_SIGN_IDENTITY = "iPhone Developer";
				COPY_PHASE_STRIP = NO;
				DEBUG_INFORMATION_FORMAT = "dwarf-with-dsym";
				ENABLE_NS_ASSERTIONS = NO;
				ENABLE_STRICT_OBJC_MSGSEND = YES;
				GCC_C_LANGUAGE_STANDARD = gnu11;
				GCC_NO_COMMON_BLOCKS = YES;
				GCC_WARN_64_TO_32_BIT_CONVERSION = YES;
				GCC_WARN_ABOUT_RETURN_TYPE = YES_ERROR;
				GCC_WARN_UNDECLARED_SELECTOR = YES;
				GCC_WARN_UNINITIALIZED_AUTOS = YES_AGGRESSIVE;
				GCC_WARN_UNUSED_FUNCTION = YES;
				GCC_WARN_UNUSED_VARIABLE = YES;
				IPHONEOS_DEPLOYMENT_TARGET = 11.3;
				MTL_ENABLE_DEBUG_INFO = NO;
				SDKROOT = iphoneos;
				SWIFT_COMPILATION_MODE = wholemodule;
				SWIFT_OPTIMIZATION_LEVEL = "-O";
				VALIDATE_PRODUCT = YES;
			};
			name = Release;
		};
		6683FEBD207B8F3B00717F75 /* Debug */ = {
			isa = XCBuildConfiguration;
			buildSettings = {
				ASSETCATALOG_COMPILER_APPICON_NAME = AppIcon;
				CODE_SIGN_STYLE = Automatic;
				INFOPLIST_FILE = Music/Info.plist;
				LD_RUNPATH_SEARCH_PATHS = (
					"$(inherited)",
					"@executable_path/Frameworks",
				);
				PRODUCT_BUNDLE_IDENTIFIER = com.litech.Music;
				PRODUCT_NAME = "$(TARGET_NAME)";
				SWIFT_VERSION = 4.0;
				TARGETED_DEVICE_FAMILY = "1,2";
			};
			name = Debug;
		};
		6683FEBE207B8F3B00717F75 /* Release */ = {
			isa = XCBuildConfiguration;
			buildSettings = {
				ASSETCATALOG_COMPILER_APPICON_NAME = AppIcon;
				CODE_SIGN_STYLE = Automatic;
				INFOPLIST_FILE = Music/Info.plist;
				LD_RUNPATH_SEARCH_PATHS = (
					"$(inherited)",
					"@executable_path/Frameworks",
				);
				PRODUCT_BUNDLE_IDENTIFIER = com.litech.Music;
				PRODUCT_NAME = "$(TARGET_NAME)";
				SWIFT_VERSION = 4.0;
				TARGETED_DEVICE_FAMILY = "1,2";
			};
			name = Release;
		};
		6683FEC0207B8F3B00717F75 /* Debug */ = {
			isa = XCBuildConfiguration;
			buildSettings = {
				ALWAYS_EMBED_SWIFT_STANDARD_LIBRARIES = YES;
				BUNDLE_LOADER = "$(TEST_HOST)";
				CODE_SIGN_STYLE = Automatic;
				INFOPLIST_FILE = MusicTests/Info.plist;
				LD_RUNPATH_SEARCH_PATHS = (
					"$(inherited)",
					"@executable_path/Frameworks",
					"@loader_path/Frameworks",
				);
				PRODUCT_BUNDLE_IDENTIFIER = com.litech.MusicTests;
				PRODUCT_NAME = "$(TARGET_NAME)";
				SWIFT_VERSION = 4.0;
				TARGETED_DEVICE_FAMILY = "1,2";
				TEST_HOST = "$(BUILT_PRODUCTS_DIR)/Music.app/Music";
			};
			name = Debug;
		};
		6683FEC1207B8F3B00717F75 /* Release */ = {
			isa = XCBuildConfiguration;
			buildSettings = {
				ALWAYS_EMBED_SWIFT_STANDARD_LIBRARIES = YES;
				BUNDLE_LOADER = "$(TEST_HOST)";
				CODE_SIGN_STYLE = Automatic;
				INFOPLIST_FILE = MusicTests/Info.plist;
				LD_RUNPATH_SEARCH_PATHS = (
					"$(inherited)",
					"@executable_path/Frameworks",
					"@loader_path/Frameworks",
				);
				PRODUCT_BUNDLE_IDENTIFIER = com.litech.MusicTests;
				PRODUCT_NAME = "$(TARGET_NAME)";
				SWIFT_VERSION = 4.0;
				TARGETED_DEVICE_FAMILY = "1,2";
				TEST_HOST = "$(BUILT_PRODUCTS_DIR)/Music.app/Music";
			};
			name = Release;
		};
		6683FEC3207B8F3B00717F75 /* Debug */ = {
			isa = XCBuildConfiguration;
			buildSettings = {
				ALWAYS_EMBED_SWIFT_STANDARD_LIBRARIES = YES;
				CODE_SIGN_STYLE = Automatic;
				INFOPLIST_FILE = MusicUITests/Info.plist;
				LD_RUNPATH_SEARCH_PATHS = (
					"$(inherited)",
					"@executable_path/Frameworks",
					"@loader_path/Frameworks",
				);
				PRODUCT_BUNDLE_IDENTIFIER = com.litech.MusicUITests;
				PRODUCT_NAME = "$(TARGET_NAME)";
				SWIFT_VERSION = 4.0;
				TARGETED_DEVICE_FAMILY = "1,2";
				TEST_TARGET_NAME = Music;
			};
			name = Debug;
		};
		6683FEC4207B8F3B00717F75 /* Release */ = {
			isa = XCBuildConfiguration;
			buildSettings = {
				ALWAYS_EMBED_SWIFT_STANDARD_LIBRARIES = YES;
				CODE_SIGN_STYLE = Automatic;
				INFOPLIST_FILE = MusicUITests/Info.plist;
				LD_RUNPATH_SEARCH_PATHS = (
					"$(inherited)",
					"@executable_path/Frameworks",
					"@loader_path/Frameworks",
				);
				PRODUCT_BUNDLE_IDENTIFIER = com.litech.MusicUITests;
				PRODUCT_NAME = "$(TARGET_NAME)";
				SWIFT_VERSION = 4.0;
				TARGETED_DEVICE_FAMILY = "1,2";
				TEST_TARGET_NAME = Music;
			};
			name = Release;
		};
/* End XCBuildConfiguration section */

/* Begin XCConfigurationList section */
		6683FE8F207B8F3A00717F75 /* Build configuration list for PBXProject "Music" */ = {
			isa = XCConfigurationList;
			buildConfigurations = (
				6683FEBA207B8F3B00717F75 /* Debug */,
				6683FEBB207B8F3B00717F75 /* Release */,
			);
			defaultConfigurationIsVisible = 0;
			defaultConfigurationName = Release;
		};
		6683FEBC207B8F3B00717F75 /* Build configuration list for PBXNativeTarget "Music" */ = {
			isa = XCConfigurationList;
			buildConfigurations = (
				6683FEBD207B8F3B00717F75 /* Debug */,
				6683FEBE207B8F3B00717F75 /* Release */,
			);
			defaultConfigurationIsVisible = 0;
			defaultConfigurationName = Release;
		};
		6683FEBF207B8F3B00717F75 /* Build configuration list for PBXNativeTarget "MusicTests" */ = {
			isa = XCConfigurationList;
			buildConfigurations = (
				6683FEC0207B8F3B00717F75 /* Debug */,
				6683FEC1207B8F3B00717F75 /* Release */,
			);
			defaultConfigurationIsVisible = 0;
			defaultConfigurationName = Release;
		};
		6683FEC2207B8F3B00717F75 /* Build configuration list for PBXNativeTarget "MusicUITests" */ = {
			isa = XCConfigurationList;
			buildConfigurations = (
				6683FEC3207B8F3B00717F75 /* Debug */,
				6683FEC4207B8F3B00717F75 /* Release */,
			);
			defaultConfigurationIsVisible = 0;
			defaultConfigurationName = Release;
		};
/* End XCConfigurationList section */
	};
	rootObject = 6683FE8C207B8F3A00717F75 /* Project object */;
}
